// !$*UTF8*$!
{
	archiveVersion = 1;
	classes = {
	};
	objectVersion = 48;
	objects = {

/* Begin PBXBuildFile section */
		6308640A784AB6467807C9DC /* Pods_CoinChecker.framework in Frameworks */ = {isa = PBXBuildFile; fileRef = 1FCB1CBE2A153F21E4CFEAC8 /* Pods_CoinChecker.framework */; };
		91E6D7A12030A2F60007F384 /* AppDelegate.swift in Sources */ = {isa = PBXBuildFile; fileRef = 91E6D7A02030A2F60007F384 /* AppDelegate.swift */; };
		91E6D7A82030A2F60007F384 /* Assets.xcassets in Resources */ = {isa = PBXBuildFile; fileRef = 91E6D7A72030A2F60007F384 /* Assets.xcassets */; };
		91E6D7B62030A2F60007F384 /* CoinCheckerTests.swift in Sources */ = {isa = PBXBuildFile; fileRef = 91E6D7B52030A2F60007F384 /* CoinCheckerTests.swift */; };
		91E6D7C32030A3D30007F384 /* CoinTableViewController.swift in Sources */ = {isa = PBXBuildFile; fileRef = 91E6D7C22030A3D30007F384 /* CoinTableViewController.swift */; };
		91E6D7CA2030ABE60007F384 /* CoinCellViewModel.swift in Sources */ = {isa = PBXBuildFile; fileRef = 91E6D7C92030ABE60007F384 /* CoinCellViewModel.swift */; };
		91E6D7CD2030ACE70007F384 /* Endpoint.swift in Sources */ = {isa = PBXBuildFile; fileRef = 91E6D7CC2030ACE70007F384 /* Endpoint.swift */; };
		91E6D7CF2030AEE20007F384 /* Coin.swift in Sources */ = {isa = PBXBuildFile; fileRef = 91E6D7CE2030AEE20007F384 /* Coin.swift */; };
		91E6D7D12030BCD40007F384 /* APIClient.swift in Sources */ = {isa = PBXBuildFile; fileRef = 91E6D7D02030BCD40007F384 /* APIClient.swift */; };
		CC72A663206A7E460090679D /* CoinTableViewCell.swift in Sources */ = {isa = PBXBuildFile; fileRef = CC72A662206A7E460090679D /* CoinTableViewCell.swift */; };
		CC9A82F5206ACF1600EFE461 /* CoinEndpoint.swift in Sources */ = {isa = PBXBuildFile; fileRef = CC9A82F4206ACF1600EFE461 /* CoinEndpoint.swift */; };
		CC9A82F7206AD2C400EFE461 /* CoinAPIClient.swift in Sources */ = {isa = PBXBuildFile; fileRef = CC9A82F6206AD2C400EFE461 /* CoinAPIClient.swift */; };
/* End PBXBuildFile section */

/* Begin PBXContainerItemProxy section */
		91E6D7B22030A2F60007F384 /* PBXContainerItemProxy */ = {
			isa = PBXContainerItemProxy;
			containerPortal = 91E6D7952030A2F60007F384 /* Project object */;
			proxyType = 1;
			remoteGlobalIDString = 91E6D79C2030A2F60007F384;
			remoteInfo = CoinChecker;
		};
/* End PBXContainerItemProxy section */

/* Begin PBXFileReference section */
		137F54E2C855535D488CC4BC /* Pods-CoinChecker.release.xcconfig */ = {isa = PBXFileReference; includeInIndex = 1; lastKnownFileType = text.xcconfig; name = "Pods-CoinChecker.release.xcconfig"; path = "Pods/Target Support Files/Pods-CoinChecker/Pods-CoinChecker.release.xcconfig"; sourceTree = "<group>"; };
		1FCB1CBE2A153F21E4CFEAC8 /* Pods_CoinChecker.framework */ = {isa = PBXFileReference; explicitFileType = wrapper.framework; includeInIndex = 0; path = Pods_CoinChecker.framework; sourceTree = BUILT_PRODUCTS_DIR; };
		788251385ACAFC2BAA000333 /* Pods-CoinChecker.debug.xcconfig */ = {isa = PBXFileReference; includeInIndex = 1; lastKnownFileType = text.xcconfig; name = "Pods-CoinChecker.debug.xcconfig"; path = "Pods/Target Support Files/Pods-CoinChecker/Pods-CoinChecker.debug.xcconfig"; sourceTree = "<group>"; };
		91E6D79D2030A2F60007F384 /* CoinChecker.app */ = {isa = PBXFileReference; explicitFileType = wrapper.application; includeInIndex = 0; path = CoinChecker.app; sourceTree = BUILT_PRODUCTS_DIR; };
		91E6D7A02030A2F60007F384 /* AppDelegate.swift */ = {isa = PBXFileReference; lastKnownFileType = sourcecode.swift; path = AppDelegate.swift; sourceTree = "<group>"; };
		91E6D7A72030A2F60007F384 /* Assets.xcassets */ = {isa = PBXFileReference; lastKnownFileType = folder.assetcatalog; path = Assets.xcassets; sourceTree = "<group>"; };
		91E6D7AC2030A2F60007F384 /* Info.plist */ = {isa = PBXFileReference; lastKnownFileType = text.plist.xml; path = Info.plist; sourceTree = "<group>"; };
		91E6D7B12030A2F60007F384 /* CoinCheckerTests.xctest */ = {isa = PBXFileReference; explicitFileType = wrapper.cfbundle; includeInIndex = 0; path = CoinCheckerTests.xctest; sourceTree = BUILT_PRODUCTS_DIR; };
		91E6D7B52030A2F60007F384 /* CoinCheckerTests.swift */ = {isa = PBXFileReference; lastKnownFileType = sourcecode.swift; path = CoinCheckerTests.swift; sourceTree = "<group>"; };
		91E6D7B72030A2F60007F384 /* Info.plist */ = {isa = PBXFileReference; lastKnownFileType = text.plist.xml; path = Info.plist; sourceTree = "<group>"; };
		91E6D7C22030A3D30007F384 /* CoinTableViewController.swift */ = {isa = PBXFileReference; lastKnownFileType = sourcecode.swift; path = CoinTableViewController.swift; sourceTree = "<group>"; };
		91E6D7C92030ABE60007F384 /* CoinCellViewModel.swift */ = {isa = PBXFileReference; lastKnownFileType = sourcecode.swift; path = CoinCellViewModel.swift; sourceTree = "<group>"; };
		91E6D7CC2030ACE70007F384 /* Endpoint.swift */ = {isa = PBXFileReference; lastKnownFileType = sourcecode.swift; path = Endpoint.swift; sourceTree = "<group>"; };
		91E6D7CE2030AEE20007F384 /* Coin.swift */ = {isa = PBXFileReference; lastKnownFileType = sourcecode.swift; path = Coin.swift; sourceTree = "<group>"; };
		91E6D7D02030BCD40007F384 /* APIClient.swift */ = {isa = PBXFileReference; lastKnownFileType = sourcecode.swift; path = APIClient.swift; sourceTree = "<group>"; };
		CC72A662206A7E460090679D /* CoinTableViewCell.swift */ = {isa = PBXFileReference; lastKnownFileType = sourcecode.swift; path = CoinTableViewCell.swift; sourceTree = "<group>"; };
		CC9A82F4206ACF1600EFE461 /* CoinEndpoint.swift */ = {isa = PBXFileReference; lastKnownFileType = sourcecode.swift; path = CoinEndpoint.swift; sourceTree = "<group>"; };
		CC9A82F6206AD2C400EFE461 /* CoinAPIClient.swift */ = {isa = PBXFileReference; lastKnownFileType = sourcecode.swift; path = CoinAPIClient.swift; sourceTree = "<group>"; };
/* End PBXFileReference section */

/* Begin PBXFrameworksBuildPhase section */
		91E6D79A2030A2F60007F384 /* Frameworks */ = {
			isa = PBXFrameworksBuildPhase;
			buildActionMask = 2147483647;
			files = (
				6308640A784AB6467807C9DC /* Pods_CoinChecker.framework in Frameworks */,
			);
			runOnlyForDeploymentPostprocessing = 0;
		};
		91E6D7AE2030A2F60007F384 /* Frameworks */ = {
			isa = PBXFrameworksBuildPhase;
			buildActionMask = 2147483647;
			files = (
			);
			runOnlyForDeploymentPostprocessing = 0;
		};
/* End PBXFrameworksBuildPhase section */

/* Begin PBXGroup section */
		307EBB2707C90710E5601E47 /* Frameworks */ = {
			isa = PBXGroup;
			children = (
				1FCB1CBE2A153F21E4CFEAC8 /* Pods_CoinChecker.framework */,
			);
			name = Frameworks;
			sourceTree = "<group>";
		};
		70E8BEB1C53C230C18F941F2 /* Pods */ = {
			isa = PBXGroup;
			children = (
				788251385ACAFC2BAA000333 /* Pods-CoinChecker.debug.xcconfig */,
				137F54E2C855535D488CC4BC /* Pods-CoinChecker.release.xcconfig */,
			);
			name = Pods;
			sourceTree = "<group>";
		};
		91E6D7942030A2F60007F384 = {
			isa = PBXGroup;
			children = (
				91E6D79F2030A2F60007F384 /* CoinChecker */,
				91E6D7A72030A2F60007F384 /* Assets.xcassets */,
				91E6D7B42030A2F60007F384 /* CoinCheckerTests */,
				91E6D79E2030A2F60007F384 /* Products */,
				70E8BEB1C53C230C18F941F2 /* Pods */,
				307EBB2707C90710E5601E47 /* Frameworks */,
			);
			sourceTree = "<group>";
		};
		91E6D79E2030A2F60007F384 /* Products */ = {
			isa = PBXGroup;
			children = (
				91E6D79D2030A2F60007F384 /* CoinChecker.app */,
				91E6D7B12030A2F60007F384 /* CoinCheckerTests.xctest */,
			);
			name = Products;
			sourceTree = "<group>";
		};
		91E6D79F2030A2F60007F384 /* CoinChecker */ = {
			isa = PBXGroup;
			children = (
				91E6D7A02030A2F60007F384 /* AppDelegate.swift */,
				91E6D7CB2030ACC70007F384 /* API */,
				91E6D7C12030A39C0007F384 /* Views */,
				91E6D7C82030ABC50007F384 /* Models */,
				91E6D7C02030A30A0007F384 /* Supporting files */,
			);
			path = CoinChecker;
			sourceTree = "<group>";
		};
		91E6D7B42030A2F60007F384 /* CoinCheckerTests */ = {
			isa = PBXGroup;
			children = (
				91E6D7B52030A2F60007F384 /* CoinCheckerTests.swift */,
				91E6D7B72030A2F60007F384 /* Info.plist */,
			);
			path = CoinCheckerTests;
			sourceTree = "<group>";
		};
		91E6D7C02030A30A0007F384 /* Supporting files */ = {
			isa = PBXGroup;
			children = (
				91E6D7AC2030A2F60007F384 /* Info.plist */,
			);
			path = "Supporting files";
			sourceTree = "<group>";
		};
		91E6D7C12030A39C0007F384 /* Views */ = {
			isa = PBXGroup;
			children = (
				91E6D7C22030A3D30007F384 /* CoinTableViewController.swift */,
				CC72A662206A7E460090679D /* CoinTableViewCell.swift */,
			);
			path = Views;
			sourceTree = "<group>";
		};
		91E6D7C82030ABC50007F384 /* Models */ = {
			isa = PBXGroup;
			children = (
				91E6D7C92030ABE60007F384 /* CoinCellViewModel.swift */,
			);
			path = Models;
			sourceTree = "<group>";
		};
		91E6D7CB2030ACC70007F384 /* API */ = {
			isa = PBXGroup;
			children = (
				91E6D7CC2030ACE70007F384 /* Endpoint.swift */,
				91E6D7CE2030AEE20007F384 /* Coin.swift */,
				91E6D7D02030BCD40007F384 /* APIClient.swift */,
				CC9A82F4206ACF1600EFE461 /* CoinEndpoint.swift */,
				CC9A82F6206AD2C400EFE461 /* CoinAPIClient.swift */,
			);
			path = API;
			sourceTree = "<group>";
		};
/* End PBXGroup section */

/* Begin PBXNativeTarget section */
		91E6D79C2030A2F60007F384 /* CoinChecker */ = {
			isa = PBXNativeTarget;
			buildConfigurationList = 91E6D7BA2030A2F60007F384 /* Build configuration list for PBXNativeTarget "CoinChecker" */;
			buildPhases = (
				852E588186CDB047F360CF92 /* [CP] Check Pods Manifest.lock */,
				91E6D7992030A2F60007F384 /* Sources */,
				91E6D79A2030A2F60007F384 /* Frameworks */,
				91E6D79B2030A2F60007F384 /* Resources */,
				EDD168E990EE21F396723BF8 /* [CP] Embed Pods Frameworks */,
				3EFDC2A282C431B320EA01DB /* [CP] Copy Pods Resources */,
			);
			buildRules = (
			);
			dependencies = (
			);
			name = CoinChecker;
			productName = CoinChecker;
			productReference = 91E6D79D2030A2F60007F384 /* CoinChecker.app */;
			productType = "com.apple.product-type.application";
		};
		91E6D7B02030A2F60007F384 /* CoinCheckerTests */ = {
			isa = PBXNativeTarget;
			buildConfigurationList = 91E6D7BD2030A2F60007F384 /* Build configuration list for PBXNativeTarget "CoinCheckerTests" */;
			buildPhases = (
				91E6D7AD2030A2F60007F384 /* Sources */,
				91E6D7AE2030A2F60007F384 /* Frameworks */,
				91E6D7AF2030A2F60007F384 /* Resources */,
			);
			buildRules = (
			);
			dependencies = (
				91E6D7B32030A2F60007F384 /* PBXTargetDependency */,
			);
			name = CoinCheckerTests;
			productName = CoinCheckerTests;
			productReference = 91E6D7B12030A2F60007F384 /* CoinCheckerTests.xctest */;
			productType = "com.apple.product-type.bundle.unit-test";
		};
/* End PBXNativeTarget section */

/* Begin PBXProject section */
		91E6D7952030A2F60007F384 /* Project object */ = {
			isa = PBXProject;
			attributes = {
				LastSwiftUpdateCheck = 0920;
				LastUpgradeCheck = 0920;
				ORGANIZATIONNAME = "Magnus Holm";
				TargetAttributes = {
					91E6D79C2030A2F60007F384 = {
						CreatedOnToolsVersion = 9.2;
						ProvisioningStyle = Automatic;
					};
					91E6D7B02030A2F60007F384 = {
						CreatedOnToolsVersion = 9.2;
						ProvisioningStyle = Automatic;
						TestTargetID = 91E6D79C2030A2F60007F384;
					};
				};
			};
			buildConfigurationList = 91E6D7982030A2F60007F384 /* Build configuration list for PBXProject "CoinChecker" */;
			compatibilityVersion = "Xcode 8.0";
			developmentRegion = en;
			hasScannedForEncodings = 0;
			knownRegions = (
				en,
				Base,
			);
			mainGroup = 91E6D7942030A2F60007F384;
			productRefGroup = 91E6D79E2030A2F60007F384 /* Products */;
			projectDirPath = "";
			projectRoot = "";
			targets = (
				91E6D79C2030A2F60007F384 /* CoinChecker */,
				91E6D7B02030A2F60007F384 /* CoinCheckerTests */,
			);
		};
/* End PBXProject section */

/* Begin PBXResourcesBuildPhase section */
		91E6D79B2030A2F60007F384 /* Resources */ = {
			isa = PBXResourcesBuildPhase;
			buildActionMask = 2147483647;
			files = (
				91E6D7A82030A2F60007F384 /* Assets.xcassets in Resources */,
			);
			runOnlyForDeploymentPostprocessing = 0;
		};
		91E6D7AF2030A2F60007F384 /* Resources */ = {
			isa = PBXResourcesBuildPhase;
			buildActionMask = 2147483647;
			files = (
			);
			runOnlyForDeploymentPostprocessing = 0;
		};
/* End PBXResourcesBuildPhase section */

/* Begin PBXShellScriptBuildPhase section */
		3EFDC2A282C431B320EA01DB /* [CP] Copy Pods Resources */ = {
			isa = PBXShellScriptBuildPhase;
			buildActionMask = 2147483647;
			files = (
			);
			inputPaths = (
			);
			name = "[CP] Copy Pods Resources";
			outputPaths = (
			);
			runOnlyForDeploymentPostprocessing = 0;
			shellPath = /bin/sh;
			shellScript = "\"${SRCROOT}/Pods/Target Support Files/Pods-CoinChecker/Pods-CoinChecker-resources.sh\"\n";
			showEnvVarsInLog = 0;
		};
		852E588186CDB047F360CF92 /* [CP] Check Pods Manifest.lock */ = {
			isa = PBXShellScriptBuildPhase;
			buildActionMask = 2147483647;
			files = (
			);
			inputPaths = (
				"${PODS_PODFILE_DIR_PATH}/Podfile.lock",
				"${PODS_ROOT}/Manifest.lock",
			);
			name = "[CP] Check Pods Manifest.lock";
			outputPaths = (
				"$(DERIVED_FILE_DIR)/Pods-CoinChecker-checkManifestLockResult.txt",
			);
			runOnlyForDeploymentPostprocessing = 0;
			shellPath = /bin/sh;
			shellScript = "diff \"${PODS_PODFILE_DIR_PATH}/Podfile.lock\" \"${PODS_ROOT}/Manifest.lock\" > /dev/null\nif [ $? != 0 ] ; then\n    # print error to STDERR\n    echo \"error: The sandbox is not in sync with the Podfile.lock. Run 'pod install' or update your CocoaPods installation.\" >&2\n    exit 1\nfi\n# This output is used by Xcode 'outputs' to avoid re-running this script phase.\necho \"SUCCESS\" > \"${SCRIPT_OUTPUT_FILE_0}\"\n";
			showEnvVarsInLog = 0;
		};
		EDD168E990EE21F396723BF8 /* [CP] Embed Pods Frameworks */ = {
			isa = PBXShellScriptBuildPhase;
			buildActionMask = 2147483647;
			files = (
			);
			inputPaths = (
				"${SRCROOT}/Pods/Target Support Files/Pods-CoinChecker/Pods-CoinChecker-frameworks.sh",
				"${BUILT_PRODUCTS_DIR}/SnapKit/SnapKit.framework",
			);
			name = "[CP] Embed Pods Frameworks";
			outputPaths = (
				"${TARGET_BUILD_DIR}/${FRAMEWORKS_FOLDER_PATH}/SnapKit.framework",
			);
			runOnlyForDeploymentPostprocessing = 0;
			shellPath = /bin/sh;
			shellScript = "\"${SRCROOT}/Pods/Target Support Files/Pods-CoinChecker/Pods-CoinChecker-frameworks.sh\"\n";
			showEnvVarsInLog = 0;
		};
/* End PBXShellScriptBuildPhase section */

/* Begin PBXSourcesBuildPhase section */
		91E6D7992030A2F60007F384 /* Sources */ = {
			isa = PBXSourcesBuildPhase;
			buildActionMask = 2147483647;
			files = (
				91E6D7C32030A3D30007F384 /* CoinTableViewController.swift in Sources */,
				91E6D7CA2030ABE60007F384 /* CoinCellViewModel.swift in Sources */,
				CC72A663206A7E460090679D /* CoinTableViewCell.swift in Sources */,
				91E6D7CD2030ACE70007F384 /* Endpoint.swift in Sources */,
				91E6D7CF2030AEE20007F384 /* Coin.swift in Sources */,
				91E6D7A12030A2F60007F384 /* AppDelegate.swift in Sources */,
				CC9A82F7206AD2C400EFE461 /* CoinAPIClient.swift in Sources */,
				91E6D7D12030BCD40007F384 /* APIClient.swift in Sources */,
				CC9A82F5206ACF1600EFE461 /* CoinEndpoint.swift in Sources */,
			);
			runOnlyForDeploymentPostprocessing = 0;
		};
		91E6D7AD2030A2F60007F384 /* Sources */ = {
			isa = PBXSourcesBuildPhase;
			buildActionMask = 2147483647;
			files = (
				91E6D7B62030A2F60007F384 /* CoinCheckerTests.swift in Sources */,
			);
			runOnlyForDeploymentPostprocessing = 0;
		};
/* End PBXSourcesBuildPhase section */

/* Begin PBXTargetDependency section */
		91E6D7B32030A2F60007F384 /* PBXTargetDependency */ = {
			isa = PBXTargetDependency;
			target = 91E6D79C2030A2F60007F384 /* CoinChecker */;
			targetProxy = 91E6D7B22030A2F60007F384 /* PBXContainerItemProxy */;
		};
/* End PBXTargetDependency section */

/* Begin XCBuildConfiguration section */
		91E6D7B82030A2F60007F384 /* Debug */ = {
			isa = XCBuildConfiguration;
			buildSettings = {
				ALWAYS_SEARCH_USER_PATHS = NO;
				CLANG_ANALYZER_NONNULL = YES;
				CLANG_ANALYZER_NUMBER_OBJECT_CONVERSION = YES_AGGRESSIVE;
				CLANG_CXX_LANGUAGE_STANDARD = "gnu++14";
				CLANG_CXX_LIBRARY = "libc++";
				CLANG_ENABLE_MODULES = YES;
				CLANG_ENABLE_OBJC_ARC = YES;
				CLANG_WARN_BLOCK_CAPTURE_AUTORELEASING = YES;
				CLANG_WARN_BOOL_CONVERSION = YES;
				CLANG_WARN_COMMA = YES;
				CLANG_WARN_CONSTANT_CONVERSION = YES;
				CLANG_WARN_DIRECT_OBJC_ISA_USAGE = YES_ERROR;
				CLANG_WARN_DOCUMENTATION_COMMENTS = YES;
				CLANG_WARN_EMPTY_BODY = YES;
				CLANG_WARN_ENUM_CONVERSION = YES;
				CLANG_WARN_INFINITE_RECURSION = YES;
				CLANG_WARN_INT_CONVERSION = YES;
				CLANG_WARN_NON_LITERAL_NULL_CONVERSION = YES;
				CLANG_WARN_OBJC_LITERAL_CONVERSION = YES;
				CLANG_WARN_OBJC_ROOT_CLASS = YES_ERROR;
				CLANG_WARN_RANGE_LOOP_ANALYSIS = YES;
				CLANG_WARN_STRICT_PROTOTYPES = YES;
				CLANG_WARN_SUSPICIOUS_MOVE = YES;
				CLANG_WARN_UNGUARDED_AVAILABILITY = YES_AGGRESSIVE;
				CLANG_WARN_UNREACHABLE_CODE = YES;
				CLANG_WARN__DUPLICATE_METHOD_MATCH = YES;
				CODE_SIGN_IDENTITY = "iPhone Developer";
				COPY_PHASE_STRIP = NO;
				DEBUG_INFORMATION_FORMAT = dwarf;
				ENABLE_STRICT_OBJC_MSGSEND = YES;
				ENABLE_TESTABILITY = YES;
				GCC_C_LANGUAGE_STANDARD = gnu11;
				GCC_DYNAMIC_NO_PIC = NO;
				GCC_NO_COMMON_BLOCKS = YES;
				GCC_OPTIMIZATION_LEVEL = 0;
				GCC_PREPROCESSOR_DEFINITIONS = (
					"DEBUG=1",
					"$(inherited)",
				);
				GCC_WARN_64_TO_32_BIT_CONVERSION = YES;
				GCC_WARN_ABOUT_RETURN_TYPE = YES_ERROR;
				GCC_WARN_UNDECLARED_SELECTOR = YES;
				GCC_WARN_UNINITIALIZED_AUTOS = YES_AGGRESSIVE;
				GCC_WARN_UNUSED_FUNCTION = YES;
				GCC_WARN_UNUSED_VARIABLE = YES;
				IPHONEOS_DEPLOYMENT_TARGET = 11.2;
				MTL_ENABLE_DEBUG_INFO = YES;
				ONLY_ACTIVE_ARCH = YES;
				SDKROOT = iphoneos;
				SWIFT_ACTIVE_COMPILATION_CONDITIONS = DEBUG;
				SWIFT_OPTIMIZATION_LEVEL = "-Onone";
			};
			name = Debug;
		};
		91E6D7B92030A2F60007F384 /* Release */ = {
			isa = XCBuildConfiguration;
			buildSettings = {
				ALWAYS_SEARCH_USER_PATHS = NO;
				CLANG_ANALYZER_NONNULL = YES;
				CLANG_ANALYZER_NUMBER_OBJECT_CONVERSION = YES_AGGRESSIVE;
				CLANG_CXX_LANGUAGE_STANDARD = "gnu++14";
				CLANG_CXX_LIBRARY = "libc++";
				CLANG_ENABLE_MODULES = YES;
				CLANG_ENABLE_OBJC_ARC = YES;
				CLANG_WARN_BLOCK_CAPTURE_AUTORELEASING = YES;
				CLANG_WARN_BOOL_CONVERSION = YES;
				CLANG_WARN_COMMA = YES;
				CLANG_WARN_CONSTANT_CONVERSION = YES;
				CLANG_WARN_DIRECT_OBJC_ISA_USAGE = YES_ERROR;
				CLANG_WARN_DOCUMENTATION_COMMENTS = YES;
				CLANG_WARN_EMPTY_BODY = YES;
				CLANG_WARN_ENUM_CONVERSION = YES;
				CLANG_WARN_INFINITE_RECURSION = YES;
				CLANG_WARN_INT_CONVERSION = YES;
				CLANG_WARN_NON_LITERAL_NULL_CONVERSION = YES;
				CLANG_WARN_OBJC_LITERAL_CONVERSION = YES;
				CLANG_WARN_OBJC_ROOT_CLASS = YES_ERROR;
				CLANG_WARN_RANGE_LOOP_ANALYSIS = YES;
				CLANG_WARN_STRICT_PROTOTYPES = YES;
				CLANG_WARN_SUSPICIOUS_MOVE = YES;
				CLANG_WARN_UNGUARDED_AVAILABILITY = YES_AGGRESSIVE;
				CLANG_WARN_UNREACHABLE_CODE = YES;
				CLANG_WARN__DUPLICATE_METHOD_MATCH = YES;
				CODE_SIGN_IDENTITY = "iPhone Developer";
				COPY_PHASE_STRIP = NO;
				DEBUG_INFORMATION_FORMAT = "dwarf-with-dsym";
				ENABLE_NS_ASSERTIONS = NO;
				ENABLE_STRICT_OBJC_MSGSEND = YES;
				GCC_C_LANGUAGE_STANDARD = gnu11;
				GCC_NO_COMMON_BLOCKS = YES;
				GCC_WARN_64_TO_32_BIT_CONVERSION = YES;
				GCC_WARN_ABOUT_RETURN_TYPE = YES_ERROR;
				GCC_WARN_UNDECLARED_SELECTOR = YES;
				GCC_WARN_UNINITIALIZED_AUTOS = YES_AGGRESSIVE;
				GCC_WARN_UNUSED_FUNCTION = YES;
				GCC_WARN_UNUSED_VARIABLE = YES;
				IPHONEOS_DEPLOYMENT_TARGET = 11.2;
				MTL_ENABLE_DEBUG_INFO = NO;
				SDKROOT = iphoneos;
				SWIFT_OPTIMIZATION_LEVEL = "-Owholemodule";
				VALIDATE_PRODUCT = YES;
			};
			name = Release;
		};
		91E6D7BB2030A2F60007F384 /* Debug */ = {
			isa = XCBuildConfiguration;
			baseConfigurationReference = 788251385ACAFC2BAA000333 /* Pods-CoinChecker.debug.xcconfig */;
			buildSettings = {
				ASSETCATALOG_COMPILER_APPICON_NAME = AppIcon;
				CODE_SIGN_STYLE = Automatic;
				DEVELOPMENT_TEAM = DF28856VV6;
				INFOPLIST_FILE = "$(SRCROOT)/CoinChecker/Supporting files/Info.plist";
				LD_RUNPATH_SEARCH_PATHS = "$(inherited) @executable_path/Frameworks";
				PRODUCT_BUNDLE_IDENTIFIER = com.magnusholm.CoinChecker;
				PRODUCT_NAME = "$(TARGET_NAME)";
				SWIFT_VERSION = 4.0;
				TARGETED_DEVICE_FAMILY = "1,2";
			};
			name = Debug;
		};
		91E6D7BC2030A2F60007F384 /* Release */ = {
			isa = XCBuildConfiguration;
			baseConfigurationReference = 137F54E2C855535D488CC4BC /* Pods-CoinChecker.release.xcconfig */;
			buildSettings = {
				ASSETCATALOG_COMPILER_APPICON_NAME = AppIcon;
				CODE_SIGN_STYLE = Automatic;
				DEVELOPMENT_TEAM = DF28856VV6;
				INFOPLIST_FILE = "$(SRCROOT)/CoinChecker/Supporting files/Info.plist";
				LD_RUNPATH_SEARCH_PATHS = "$(inherited) @executable_path/Frameworks";
				PRODUCT_BUNDLE_IDENTIFIER = com.magnusholm.CoinChecker;
				PRODUCT_NAME = "$(TARGET_NAME)";
				SWIFT_VERSION = 4.0;
				TARGETED_DEVICE_FAMILY = "1,2";
			};
			name = Release;
		};
		91E6D7BE2030A2F60007F384 /* Debug */ = {
			isa = XCBuildConfiguration;
			buildSettings = {
				ALWAYS_EMBED_SWIFT_STANDARD_LIBRARIES = YES;
				BUNDLE_LOADER = "$(TEST_HOST)";
				CODE_SIGN_STYLE = Automatic;
				DEVELOPMENT_TEAM = DF28856VV6;
				INFOPLIST_FILE = CoinCheckerTests/Info.plist;
				LD_RUNPATH_SEARCH_PATHS = "$(inherited) @executable_path/Frameworks @loader_path/Frameworks";
				PRODUCT_BUNDLE_IDENTIFIER = com.magnusholm.CoinCheckerTests;
				PRODUCT_NAME = "$(TARGET_NAME)";
				SWIFT_VERSION = 4.0;
				TARGETED_DEVICE_FAMILY = "1,2";
				TEST_HOST = "$(BUILT_PRODUCTS_DIR)/CoinChecker.app/CoinChecker";
			};
			name = Debug;
		};
		91E6D7BF2030A2F60007F384 /* Release */ = {
			isa = XCBuildConfiguration;
			buildSettings = {
				ALWAYS_EMBED_SWIFT_STANDARD_LIBRARIES = YES;
				BUNDLE_LOADER = "$(TEST_HOST)";
				CODE_SIGN_STYLE = Automatic;
				DEVELOPMENT_TEAM = DF28856VV6;
				INFOPLIST_FILE = CoinCheckerTests/Info.plist;
				LD_RUNPATH_SEARCH_PATHS = "$(inherited) @executable_path/Frameworks @loader_path/Frameworks";
				PRODUCT_BUNDLE_IDENTIFIER = com.magnusholm.CoinCheckerTests;
				PRODUCT_NAME = "$(TARGET_NAME)";
				SWIFT_VERSION = 4.0;
				TARGETED_DEVICE_FAMILY = "1,2";
				TEST_HOST = "$(BUILT_PRODUCTS_DIR)/CoinChecker.app/CoinChecker";
			};
			name = Release;
		};
/* End XCBuildConfiguration section */

/* Begin XCConfigurationList section */
		91E6D7982030A2F60007F384 /* Build configuration list for PBXProject "CoinChecker" */ = {
			isa = XCConfigurationList;
			buildConfigurations = (
				91E6D7B82030A2F60007F384 /* Debug */,
				91E6D7B92030A2F60007F384 /* Release */,
			);
			defaultConfigurationIsVisible = 0;
			defaultConfigurationName = Release;
		};
		91E6D7BA2030A2F60007F384 /* Build configuration list for PBXNativeTarget "CoinChecker" */ = {
			isa = XCConfigurationList;
			buildConfigurations = (
				91E6D7BB2030A2F60007F384 /* Debug */,
				91E6D7BC2030A2F60007F384 /* Release */,
			);
			defaultConfigurationIsVisible = 0;
			defaultConfigurationName = Release;
		};
		91E6D7BD2030A2F60007F384 /* Build configuration list for PBXNativeTarget "CoinCheckerTests" */ = {
			isa = XCConfigurationList;
			buildConfigurations = (
				91E6D7BE2030A2F60007F384 /* Debug */,
				91E6D7BF2030A2F60007F384 /* Release */,
			);
			defaultConfigurationIsVisible = 0;
			defaultConfigurationName = Release;
		};
/* End XCConfigurationList section */
	};
	rootObject = 91E6D7952030A2F60007F384 /* Project object */;
}
